
Microsoft Visual Studio Solution File, Format Version 11.00
# Visual C# Express 2010
Project("{FAE04EC0-301F-11D3-BF4B-00C04F79EFBC}") = "ir transmitter", "ir transmitter\ir transmitter.csproj", "{47235F60-136E-46D4-B41C-C0792DC26A62}"
EndProject
Global
	GlobalSection(SolutionConfigurationPlatforms) = preSolution
		Debug|Any CPU = Debug|Any CPU
		Release|Any CPU = Release|Any CPU
	EndGlobalSection
	GlobalSection(ProjectConfigurationPlatforms) = postSolution
		{47235F60-136E-46D4-B41C-C0792DC26A62}.Debug|Any CPU.ActiveCfg = Debug|Any CPU
		{47235F60-136E-46D4-B41C-C0792DC26A62}.Debug|Any CPU.Build.0 = Debug|Any CPU
		{47235F60-136E-46D4-B41C-C0792DC26A62}.Debug|Any CPU.Deploy.0 = Debug|Any CPU
		{47235F60-136E-46D4-B41C-C0792DC26A62}.Release|Any CPU.ActiveCfg = Release|Any CPU
		{47235F60-136E-46D4-B41C-C0792DC26A62}.Release|Any CPU.Build.0 = Release|Any CPU
		{47235F60-136E-46D4-B41C-C0792DC26A62}.Release|Any CPU.Deploy.0 = Release|Any CPU
	EndGlobalSection
	GlobalSection(SolutionProperties) = preSolution
		HideSolutionNode = FALSE
	EndGlobalSection
EndGlobal
